{
  "object": {
    "pins": [
      {
        "package": "Networker",
        "repositoryURL": "https://github.com/S2Ler/Networker.git",
        "state": {
          "branch": "async_await",
          "revision": "6a7fb326799d843c5433367ed710d51cf2768880",
          "version": null
        }
      },
      {
        "package": "Preferences",
        "repositoryURL": "https://github.com/S2Ler/Preferences.git",
        "state": {
          "branch": null,
          "revision": "0db59b222e38dfdfb6e6909ceb4088ae0ea8aae4",
          "version": "0.3.1"
        }
      },
      {
        "package": "swift-argument-parser",
        "repositoryURL": "https://github.com/apple/swift-argument-parser.git",
        "state": {
          "branch": "async",
          "revision": "ddc37e4c53ed030bf2d75aaf3e9d489cc6495134",
          "version": null
        }
      },
      {
        "package": "swift-httpcookie-codable",
        "repositoryURL": "https://github.com/S2Ler/swift-httpcookie-codable.git",
        "state": {
          "branch": null,
          "revision": "3f2a391b072ff841b1c2432da7ad2a5995d4e082",
          "version": "0.0.1"
        }
      },
      {
        "package": "swift-log",
        "repositoryURL": "https://github.com/apple/swift-log.git",
        "state": {
          "branch": null,
          "revision": "5d66f7ba25daf4f94100e7022febf3c75e37a6c7",
          "version": "1.4.2"
        }
      }
    ]
  },
  "version": 1
}
